
Microsoft Visual Studio Solution File, Format Version 12.00
# Visual Studio Express 15 for Windows Desktop
VisualStudioVersion = 15.0.28307.1758
MinimumVisualStudioVersion = 10.0.40219.1
Project("{8BC9CEB8-8B4A-11D0-8D11-00A0C91BC942}") = "TestProject", "TestProject\TestProject.vcxproj", "{65EB43EE-D89F-416E-9559-90D46FB551BB}"
EndProject
Global
	GlobalSection(SolutionConfigurationPlatforms) = preSolution
		Debug|x64 = Debug|x64
		Debug|x86 = Debug|x86
		Release|x64 = Release|x64
		Release|x86 = Release|x86
	EndGlobalSection
	GlobalSection(ProjectConfigurationPlatforms) = postSolution
		{65EB43EE-D89F-416E-9559-90D46FB551BB}.Debug|x64.ActiveCfg = Debug|x64
		{65EB43EE-D89F-416E-9559-90D46FB551BB}.Debug|x64.Build.0 = Debug|x64
		{65EB43EE-D89F-416E-9559-90D46FB551BB}.Debug|x86.ActiveCfg = Debug|Win32
		{65EB43EE-D89F-416E-9559-90D46FB551BB}.Debug|x86.Build.0 = Debug|Win32
		{65EB43EE-D89F-416E-9559-90D46FB551BB}.Release|x64.ActiveCfg = Release|x64
		{65EB43EE-D89F-416E-9559-90D46FB551BB}.Release|x64.Build.0 = Release|x64
		{65EB43EE-D89F-416E-9559-90D46FB551BB}.Release|x86.ActiveCfg = Release|Win32
		{65EB43EE-D89F-416E-9559-90D46FB551BB}.Release|x86.Build.0 = Release|Win32
	EndGlobalSection
	GlobalSection(SolutionProperties) = preSolution
		HideSolutionNode = FALSE
	EndGlobalSection
	GlobalSection(ExtensibilityGlobals) = postSolution
		SolutionGuid = {19298DB8-B95A-4140-83DD-6077F83496D6}
	EndGlobalSection
EndGlobal
