<?xml version="1.0" encoding="utf-8"?>
<Project ToolsVersion="4.0" xmlns="http://schemas.microsoft.com/developer/msbuild/2003">
  <ItemGroup>
    <Filter Include="Source Files">
      <UniqueIdentifier>{4FC737F1-C7A5-4376-A066-2A32D752A2FF}</UniqueIdentifier>
      <Extensions>cpp;c;cc;cxx;def;odl;idl;hpj;bat;asm;asmx</Extensions>
    </Filter>
    <Filter Include="Source Files\src">
      <UniqueIdentifier>{3e39d397-1514-4693-ae4e-3e306b205a74}</UniqueIdentifier>
    </Filter>
    <Filter Include="Header Files">
      <UniqueIdentifier>{93995380-89BD-4b04-88EB-625FBE52EBFB}</UniqueIdentifier>
      <Extensions>h;hpp;hxx;hm;inl;inc;xsd</Extensions>
    </Filter>
    <Filter Include="Header Files\include">
      <UniqueIdentifier>{f49f54d2-c3b8-454e-a18a-5fe987c5edcc}</UniqueIdentifier>
    </Filter>
    <Filter Include="Header Files\include\network">
      <UniqueIdentifier>{269abcd7-fb01-455b-b5b8-28eae768dbf7}</UniqueIdentifier>
    </Filter>
    <Filter Include="Resource Files">
      <UniqueIdentifier>{67DA6AB6-F800-4c08-8B7A-83BB121AAD01}</UniqueIdentifier>
      <Extensions>rc;ico;cur;bmp;dlg;rc2;rct;bin;rgs;gif;jpg;jpeg;jpe;resx;tiff;tif;png;wav</Extensions>
    </Filter>
  </ItemGroup>
  <ItemGroup>
    <ClCompile Include="dllmain.cpp">
      <Filter>Source Files</Filter>
    </ClCompile>
    <ClCompile Include="network.cpp">
      <Filter>Source Files</Filter>
    </ClCompile>
    <ClCompile Include="stdafx.cpp">
      <Filter>Source Files</Filter>
    </ClCompile>
    <ClCompile Include="src\acceptor.cpp">
      <Filter>Source Files\src</Filter>
    </ClCompile>
    <ClCompile Include="src\acceptor_impl.cpp">
      <Filter>Source Files\src</Filter>
    </ClCompile>
    <ClCompile Include="src\connector.cpp">
      <Filter>Source Files\src</Filter>
    </ClCompile>
    <ClCompile Include="src\connector_impl.cpp">
      <Filter>Source Files\src</Filter>
    </ClCompile>
    <ClCompile Include="src\handler.cpp">
      <Filter>Source Files\src</Filter>
    </ClCompile>
    <ClCompile Include="src\session_owner.cpp">
      <Filter>Source Files\src</Filter>
    </ClCompile>
    <ClCompile Include="src\socket.cpp">
      <Filter>Source Files\src</Filter>
    </ClCompile>
  </ItemGroup>
  <ItemGroup>
    <ClInclude Include="src\acceptor_impl.hpp">
      <Filter>Source Files\src</Filter>
    </ClInclude>
    <ClInclude Include="src\connector_impl.hpp">
      <Filter>Source Files\src</Filter>
    </ClInclude>
    <ClInclude Include="src\session_owner.hpp">
      <Filter>Source Files\src</Filter>
    </ClInclude>
    <ClInclude Include="src\session_owner_fwd.hpp">
      <Filter>Source Files\src</Filter>
    </ClInclude>
    <ClInclude Include="src\socket.hpp">
      <Filter>Source Files\src</Filter>
    </ClInclude>
    <ClInclude Include="stdafx.h">
      <Filter>Header Files</Filter>
    </ClInclude>
    <ClInclude Include="targetver.h">
      <Filter>Header Files</Filter>
    </ClInclude>
    <ClInclude Include="include\network\acceptor.hpp">
      <Filter>Header Files\include\network</Filter>
    </ClInclude>
    <ClInclude Include="include\network\buffer.hpp">
      <Filter>Header Files\include\network</Filter>
    </ClInclude>
    <ClInclude Include="include\network\connector.hpp">
      <Filter>Header Files\include\network</Filter>
    </ClInclude>
    <ClInclude Include="include\network\handler.hpp">
      <Filter>Header Files\include\network</Filter>
    </ClInclude>
    <ClInclude Include="include\network\network_export.hpp">
      <Filter>Header Files\include\network</Filter>
    </ClInclude>
  </ItemGroup>
  <ItemGroup>
    <Text Include="ReadMe.txt" />
  </ItemGroup>
</Project>