
Microsoft Visual Studio Solution File, Format Version 12.00
# Visual Studio 14
VisualStudioVersion = 14.0.25420.1
MinimumVisualStudioVersion = 10.0.40219.1
Project("{8BC9CEB8-8B4A-11D0-8D11-00A0C91BC942}") = "median", "median\median.vcxproj", "{50E5A4C4-F892-4DAE-976D-8866DF846E35}"
EndProject
Project("{8BC9CEB8-8B4A-11D0-8D11-00A0C91BC942}") = "longest", "longest\longest.vcxproj", "{A61290F5-D2FD-4F42-928F-49E14F605264}"
EndProject
Project("{8BC9CEB8-8B4A-11D0-8D11-00A0C91BC942}") = "power", "power\power.vcxproj", "{157168F8-615E-488A-8402-2AFC7CDF708B}"
EndProject
Project("{8BC9CEB8-8B4A-11D0-8D11-00A0C91BC942}") = "rotate", "rotate\rotate.vcxproj", "{4A9CB7A4-8545-416E-9460-D45AC941961A}"
EndProject
Project("{8BC9CEB8-8B4A-11D0-8D11-00A0C91BC942}") = "ZigZag", "ZigZag\ZigZag.vcxproj", "{4C2496C8-B536-4310-8ADF-20CA22461974}"
EndProject
Project("{8BC9CEB8-8B4A-11D0-8D11-00A0C91BC942}") = "sudoku", "sudoku\sudoku.vcxproj", "{C4C4D0E1-D915-4D81-9179-2B68516858DA}"
EndProject
Project("{8BC9CEB8-8B4A-11D0-8D11-00A0C91BC942}") = "increment", "increment\increment.vcxproj", "{B00360F1-91E3-4DAF-B06F-C9259D50B037}"
EndProject
Project("{8BC9CEB8-8B4A-11D0-8D11-00A0C91BC942}") = "strstr", "strstr\strstr.vcxproj", "{873C6B20-0A30-4E10-9A86-6E197CB0AB44}"
EndProject
Project("{8BC9CEB8-8B4A-11D0-8D11-00A0C91BC942}") = "multiply_strings", "multiply_strings\multiply_strings.vcxproj", "{ECE9B799-089B-4023-B73C-537F559C04EB}"
EndProject
Project("{8BC9CEB8-8B4A-11D0-8D11-00A0C91BC942}") = "group_anagrams", "group_anagrams\group_anagrams.vcxproj", "{7A9DA04E-0876-48C7-9CE0-A613E8A6C8F5}"
EndProject
Project("{8BC9CEB8-8B4A-11D0-8D11-00A0C91BC942}") = "palindromic", "palindromic\palindromic.vcxproj", "{E792EBC2-AD37-40D5-A99F-52027ADEFEF4}"
EndProject
Project("{8BC9CEB8-8B4A-11D0-8D11-00A0C91BC942}") = "permutations", "permutations\permutations.vcxproj", "{DCECA0E1-C851-4F43-8355-167A9CF913EB}"
EndProject
Project("{8BC9CEB8-8B4A-11D0-8D11-00A0C91BC942}") = "generaterepart", "generaterepart\generaterepart.vcxproj", "{6A4C7580-7591-48DF-8687-5025BDBC49BE}"
EndProject
Project("{8BC9CEB8-8B4A-11D0-8D11-00A0C91BC942}") = "interval_map", "interval_map\interval_map.vcxproj", "{EE2147C2-FC35-4D78-A6F1-42E9A50D0730}"
EndProject
Project("{8BC9CEB8-8B4A-11D0-8D11-00A0C91BC942}") = "bloomberg", "bloomberg\bloomberg.vcxproj", "{D98BD3AE-12E6-4624-9DDF-E23B5FBB2317}"
EndProject
Project("{8BC9CEB8-8B4A-11D0-8D11-00A0C91BC942}") = "zero-indexed", "zero-indexed\zero-indexed.vcxproj", "{A80FBE65-03E5-475B-941A-2D3DE548CD3C}"
EndProject
Project("{8BC9CEB8-8B4A-11D0-8D11-00A0C91BC942}") = "sgi_test1", "sgi_test1\sgi_test1.vcxproj", "{905F1EA8-136D-4AAB-AC5F-5AA4A1A3B5AD}"
EndProject
Project("{8BC9CEB8-8B4A-11D0-8D11-00A0C91BC942}") = "sig_test2", "sig_test2\sig_test2.vcxproj", "{7ABF4D1D-05DB-4F68-B0D0-CF9363CC691A}"
EndProject
Project("{8BC9CEB8-8B4A-11D0-8D11-00A0C91BC942}") = "binarygap", "binarygap\binarygap.vcxproj", "{F88D9B93-84F9-4DDA-9B5D-9FFC1E049422}"
EndProject
Project("{8BC9CEB8-8B4A-11D0-8D11-00A0C91BC942}") = "poligon", "poligon\poligon.vcxproj", "{DD68281C-27FD-473C-8D1E-98DDFDCEC1FF}"
EndProject
Project("{8BC9CEB8-8B4A-11D0-8D11-00A0C91BC942}") = "os_memory", "os_memory\os_memory.vcxproj", "{77D4CCB2-FC66-4904-AFE4-571DF19C88B4}"
EndProject
Project("{8BC9CEB8-8B4A-11D0-8D11-00A0C91BC942}") = "threads", "threads\threads.vcxproj", "{B879207D-4851-42B3-8018-BB4589AB7B90}"
EndProject
Project("{8BC9CEB8-8B4A-11D0-8D11-00A0C91BC942}") = "maxsum", "maxsum\maxsum.vcxproj", "{10C9C048-43FB-43F7-A3A2-D7554B33751E}"
EndProject
Global
	GlobalSection(SolutionConfigurationPlatforms) = preSolution
		Debug|x64 = Debug|x64
		Debug|x86 = Debug|x86
		Release|x64 = Release|x64
		Release|x86 = Release|x86
	EndGlobalSection
	GlobalSection(ProjectConfigurationPlatforms) = postSolution
		{50E5A4C4-F892-4DAE-976D-8866DF846E35}.Debug|x64.ActiveCfg = Debug|x64
		{50E5A4C4-F892-4DAE-976D-8866DF846E35}.Debug|x64.Build.0 = Debug|x64
		{50E5A4C4-F892-4DAE-976D-8866DF846E35}.Debug|x86.ActiveCfg = Debug|Win32
		{50E5A4C4-F892-4DAE-976D-8866DF846E35}.Debug|x86.Build.0 = Debug|Win32
		{50E5A4C4-F892-4DAE-976D-8866DF846E35}.Release|x64.ActiveCfg = Release|x64
		{50E5A4C4-F892-4DAE-976D-8866DF846E35}.Release|x64.Build.0 = Release|x64
		{50E5A4C4-F892-4DAE-976D-8866DF846E35}.Release|x86.ActiveCfg = Release|Win32
		{50E5A4C4-F892-4DAE-976D-8866DF846E35}.Release|x86.Build.0 = Release|Win32
		{A61290F5-D2FD-4F42-928F-49E14F605264}.Debug|x64.ActiveCfg = Debug|x64
		{A61290F5-D2FD-4F42-928F-49E14F605264}.Debug|x64.Build.0 = Debug|x64
		{A61290F5-D2FD-4F42-928F-49E14F605264}.Debug|x86.ActiveCfg = Debug|Win32
		{A61290F5-D2FD-4F42-928F-49E14F605264}.Debug|x86.Build.0 = Debug|Win32
		{A61290F5-D2FD-4F42-928F-49E14F605264}.Release|x64.ActiveCfg = Release|x64
		{A61290F5-D2FD-4F42-928F-49E14F605264}.Release|x64.Build.0 = Release|x64
		{A61290F5-D2FD-4F42-928F-49E14F605264}.Release|x86.ActiveCfg = Release|Win32
		{A61290F5-D2FD-4F42-928F-49E14F605264}.Release|x86.Build.0 = Release|Win32
		{157168F8-615E-488A-8402-2AFC7CDF708B}.Debug|x64.ActiveCfg = Debug|x64
		{157168F8-615E-488A-8402-2AFC7CDF708B}.Debug|x64.Build.0 = Debug|x64
		{157168F8-615E-488A-8402-2AFC7CDF708B}.Debug|x86.ActiveCfg = Debug|Win32
		{157168F8-615E-488A-8402-2AFC7CDF708B}.Debug|x86.Build.0 = Debug|Win32
		{157168F8-615E-488A-8402-2AFC7CDF708B}.Release|x64.ActiveCfg = Release|x64
		{157168F8-615E-488A-8402-2AFC7CDF708B}.Release|x64.Build.0 = Release|x64
		{157168F8-615E-488A-8402-2AFC7CDF708B}.Release|x86.ActiveCfg = Release|Win32
		{157168F8-615E-488A-8402-2AFC7CDF708B}.Release|x86.Build.0 = Release|Win32
		{4A9CB7A4-8545-416E-9460-D45AC941961A}.Debug|x64.ActiveCfg = Debug|x64
		{4A9CB7A4-8545-416E-9460-D45AC941961A}.Debug|x64.Build.0 = Debug|x64
		{4A9CB7A4-8545-416E-9460-D45AC941961A}.Debug|x86.ActiveCfg = Debug|Win32
		{4A9CB7A4-8545-416E-9460-D45AC941961A}.Debug|x86.Build.0 = Debug|Win32
		{4A9CB7A4-8545-416E-9460-D45AC941961A}.Release|x64.ActiveCfg = Release|x64
		{4A9CB7A4-8545-416E-9460-D45AC941961A}.Release|x64.Build.0 = Release|x64
		{4A9CB7A4-8545-416E-9460-D45AC941961A}.Release|x86.ActiveCfg = Release|Win32
		{4A9CB7A4-8545-416E-9460-D45AC941961A}.Release|x86.Build.0 = Release|Win32
		{4C2496C8-B536-4310-8ADF-20CA22461974}.Debug|x64.ActiveCfg = Debug|x64
		{4C2496C8-B536-4310-8ADF-20CA22461974}.Debug|x64.Build.0 = Debug|x64
		{4C2496C8-B536-4310-8ADF-20CA22461974}.Debug|x86.ActiveCfg = Debug|Win32
		{4C2496C8-B536-4310-8ADF-20CA22461974}.Debug|x86.Build.0 = Debug|Win32
		{4C2496C8-B536-4310-8ADF-20CA22461974}.Release|x64.ActiveCfg = Release|x64
		{4C2496C8-B536-4310-8ADF-20CA22461974}.Release|x64.Build.0 = Release|x64
		{4C2496C8-B536-4310-8ADF-20CA22461974}.Release|x86.ActiveCfg = Release|Win32
		{4C2496C8-B536-4310-8ADF-20CA22461974}.Release|x86.Build.0 = Release|Win32
		{C4C4D0E1-D915-4D81-9179-2B68516858DA}.Debug|x64.ActiveCfg = Debug|x64
		{C4C4D0E1-D915-4D81-9179-2B68516858DA}.Debug|x64.Build.0 = Debug|x64
		{C4C4D0E1-D915-4D81-9179-2B68516858DA}.Debug|x86.ActiveCfg = Debug|Win32
		{C4C4D0E1-D915-4D81-9179-2B68516858DA}.Debug|x86.Build.0 = Debug|Win32
		{C4C4D0E1-D915-4D81-9179-2B68516858DA}.Release|x64.ActiveCfg = Release|x64
		{C4C4D0E1-D915-4D81-9179-2B68516858DA}.Release|x64.Build.0 = Release|x64
		{C4C4D0E1-D915-4D81-9179-2B68516858DA}.Release|x86.ActiveCfg = Release|Win32
		{C4C4D0E1-D915-4D81-9179-2B68516858DA}.Release|x86.Build.0 = Release|Win32
		{B00360F1-91E3-4DAF-B06F-C9259D50B037}.Debug|x64.ActiveCfg = Debug|x64
		{B00360F1-91E3-4DAF-B06F-C9259D50B037}.Debug|x64.Build.0 = Debug|x64
		{B00360F1-91E3-4DAF-B06F-C9259D50B037}.Debug|x86.ActiveCfg = Debug|Win32
		{B00360F1-91E3-4DAF-B06F-C9259D50B037}.Debug|x86.Build.0 = Debug|Win32
		{B00360F1-91E3-4DAF-B06F-C9259D50B037}.Release|x64.ActiveCfg = Release|x64
		{B00360F1-91E3-4DAF-B06F-C9259D50B037}.Release|x64.Build.0 = Release|x64
		{B00360F1-91E3-4DAF-B06F-C9259D50B037}.Release|x86.ActiveCfg = Release|Win32
		{B00360F1-91E3-4DAF-B06F-C9259D50B037}.Release|x86.Build.0 = Release|Win32
		{873C6B20-0A30-4E10-9A86-6E197CB0AB44}.Debug|x64.ActiveCfg = Debug|x64
		{873C6B20-0A30-4E10-9A86-6E197CB0AB44}.Debug|x64.Build.0 = Debug|x64
		{873C6B20-0A30-4E10-9A86-6E197CB0AB44}.Debug|x86.ActiveCfg = Debug|Win32
		{873C6B20-0A30-4E10-9A86-6E197CB0AB44}.Debug|x86.Build.0 = Debug|Win32
		{873C6B20-0A30-4E10-9A86-6E197CB0AB44}.Release|x64.ActiveCfg = Release|x64
		{873C6B20-0A30-4E10-9A86-6E197CB0AB44}.Release|x64.Build.0 = Release|x64
		{873C6B20-0A30-4E10-9A86-6E197CB0AB44}.Release|x86.ActiveCfg = Release|Win32
		{873C6B20-0A30-4E10-9A86-6E197CB0AB44}.Release|x86.Build.0 = Release|Win32
		{ECE9B799-089B-4023-B73C-537F559C04EB}.Debug|x64.ActiveCfg = Debug|x64
		{ECE9B799-089B-4023-B73C-537F559C04EB}.Debug|x64.Build.0 = Debug|x64
		{ECE9B799-089B-4023-B73C-537F559C04EB}.Debug|x86.ActiveCfg = Debug|Win32
		{ECE9B799-089B-4023-B73C-537F559C04EB}.Debug|x86.Build.0 = Debug|Win32
		{ECE9B799-089B-4023-B73C-537F559C04EB}.Release|x64.ActiveCfg = Release|x64
		{ECE9B799-089B-4023-B73C-537F559C04EB}.Release|x64.Build.0 = Release|x64
		{ECE9B799-089B-4023-B73C-537F559C04EB}.Release|x86.ActiveCfg = Release|Win32
		{ECE9B799-089B-4023-B73C-537F559C04EB}.Release|x86.Build.0 = Release|Win32
		{7A9DA04E-0876-48C7-9CE0-A613E8A6C8F5}.Debug|x64.ActiveCfg = Debug|x64
		{7A9DA04E-0876-48C7-9CE0-A613E8A6C8F5}.Debug|x64.Build.0 = Debug|x64
		{7A9DA04E-0876-48C7-9CE0-A613E8A6C8F5}.Debug|x86.ActiveCfg = Debug|Win32
		{7A9DA04E-0876-48C7-9CE0-A613E8A6C8F5}.Debug|x86.Build.0 = Debug|Win32
		{7A9DA04E-0876-48C7-9CE0-A613E8A6C8F5}.Release|x64.ActiveCfg = Release|x64
		{7A9DA04E-0876-48C7-9CE0-A613E8A6C8F5}.Release|x64.Build.0 = Release|x64
		{7A9DA04E-0876-48C7-9CE0-A613E8A6C8F5}.Release|x86.ActiveCfg = Release|Win32
		{7A9DA04E-0876-48C7-9CE0-A613E8A6C8F5}.Release|x86.Build.0 = Release|Win32
		{E792EBC2-AD37-40D5-A99F-52027ADEFEF4}.Debug|x64.ActiveCfg = Debug|x64
		{E792EBC2-AD37-40D5-A99F-52027ADEFEF4}.Debug|x64.Build.0 = Debug|x64
		{E792EBC2-AD37-40D5-A99F-52027ADEFEF4}.Debug|x86.ActiveCfg = Debug|Win32
		{E792EBC2-AD37-40D5-A99F-52027ADEFEF4}.Debug|x86.Build.0 = Debug|Win32
		{E792EBC2-AD37-40D5-A99F-52027ADEFEF4}.Release|x64.ActiveCfg = Release|x64
		{E792EBC2-AD37-40D5-A99F-52027ADEFEF4}.Release|x64.Build.0 = Release|x64
		{E792EBC2-AD37-40D5-A99F-52027ADEFEF4}.Release|x86.ActiveCfg = Release|Win32
		{E792EBC2-AD37-40D5-A99F-52027ADEFEF4}.Release|x86.Build.0 = Release|Win32
		{DCECA0E1-C851-4F43-8355-167A9CF913EB}.Debug|x64.ActiveCfg = Debug|x64
		{DCECA0E1-C851-4F43-8355-167A9CF913EB}.Debug|x64.Build.0 = Debug|x64
		{DCECA0E1-C851-4F43-8355-167A9CF913EB}.Debug|x86.ActiveCfg = Debug|Win32
		{DCECA0E1-C851-4F43-8355-167A9CF913EB}.Debug|x86.Build.0 = Debug|Win32
		{DCECA0E1-C851-4F43-8355-167A9CF913EB}.Release|x64.ActiveCfg = Release|x64
		{DCECA0E1-C851-4F43-8355-167A9CF913EB}.Release|x64.Build.0 = Release|x64
		{DCECA0E1-C851-4F43-8355-167A9CF913EB}.Release|x86.ActiveCfg = Release|Win32
		{DCECA0E1-C851-4F43-8355-167A9CF913EB}.Release|x86.Build.0 = Release|Win32
		{6A4C7580-7591-48DF-8687-5025BDBC49BE}.Debug|x64.ActiveCfg = Debug|x64
		{6A4C7580-7591-48DF-8687-5025BDBC49BE}.Debug|x64.Build.0 = Debug|x64
		{6A4C7580-7591-48DF-8687-5025BDBC49BE}.Debug|x86.ActiveCfg = Debug|Win32
		{6A4C7580-7591-48DF-8687-5025BDBC49BE}.Debug|x86.Build.0 = Debug|Win32
		{6A4C7580-7591-48DF-8687-5025BDBC49BE}.Release|x64.ActiveCfg = Release|x64
		{6A4C7580-7591-48DF-8687-5025BDBC49BE}.Release|x64.Build.0 = Release|x64
		{6A4C7580-7591-48DF-8687-5025BDBC49BE}.Release|x86.ActiveCfg = Release|Win32
		{6A4C7580-7591-48DF-8687-5025BDBC49BE}.Release|x86.Build.0 = Release|Win32
		{EE2147C2-FC35-4D78-A6F1-42E9A50D0730}.Debug|x64.ActiveCfg = Debug|x64
		{EE2147C2-FC35-4D78-A6F1-42E9A50D0730}.Debug|x64.Build.0 = Debug|x64
		{EE2147C2-FC35-4D78-A6F1-42E9A50D0730}.Debug|x86.ActiveCfg = Debug|Win32
		{EE2147C2-FC35-4D78-A6F1-42E9A50D0730}.Debug|x86.Build.0 = Debug|Win32
		{EE2147C2-FC35-4D78-A6F1-42E9A50D0730}.Release|x64.ActiveCfg = Release|x64
		{EE2147C2-FC35-4D78-A6F1-42E9A50D0730}.Release|x64.Build.0 = Release|x64
		{EE2147C2-FC35-4D78-A6F1-42E9A50D0730}.Release|x86.ActiveCfg = Release|Win32
		{EE2147C2-FC35-4D78-A6F1-42E9A50D0730}.Release|x86.Build.0 = Release|Win32
		{D98BD3AE-12E6-4624-9DDF-E23B5FBB2317}.Debug|x64.ActiveCfg = Debug|x64
		{D98BD3AE-12E6-4624-9DDF-E23B5FBB2317}.Debug|x64.Build.0 = Debug|x64
		{D98BD3AE-12E6-4624-9DDF-E23B5FBB2317}.Debug|x86.ActiveCfg = Debug|Win32
		{D98BD3AE-12E6-4624-9DDF-E23B5FBB2317}.Debug|x86.Build.0 = Debug|Win32
		{D98BD3AE-12E6-4624-9DDF-E23B5FBB2317}.Release|x64.ActiveCfg = Release|x64
		{D98BD3AE-12E6-4624-9DDF-E23B5FBB2317}.Release|x64.Build.0 = Release|x64
		{D98BD3AE-12E6-4624-9DDF-E23B5FBB2317}.Release|x86.ActiveCfg = Release|Win32
		{D98BD3AE-12E6-4624-9DDF-E23B5FBB2317}.Release|x86.Build.0 = Release|Win32
		{A80FBE65-03E5-475B-941A-2D3DE548CD3C}.Debug|x64.ActiveCfg = Debug|x64
		{A80FBE65-03E5-475B-941A-2D3DE548CD3C}.Debug|x64.Build.0 = Debug|x64
		{A80FBE65-03E5-475B-941A-2D3DE548CD3C}.Debug|x86.ActiveCfg = Debug|Win32
		{A80FBE65-03E5-475B-941A-2D3DE548CD3C}.Debug|x86.Build.0 = Debug|Win32
		{A80FBE65-03E5-475B-941A-2D3DE548CD3C}.Release|x64.ActiveCfg = Release|x64
		{A80FBE65-03E5-475B-941A-2D3DE548CD3C}.Release|x64.Build.0 = Release|x64
		{A80FBE65-03E5-475B-941A-2D3DE548CD3C}.Release|x86.ActiveCfg = Release|Win32
		{A80FBE65-03E5-475B-941A-2D3DE548CD3C}.Release|x86.Build.0 = Release|Win32
		{905F1EA8-136D-4AAB-AC5F-5AA4A1A3B5AD}.Debug|x64.ActiveCfg = Debug|x64
		{905F1EA8-136D-4AAB-AC5F-5AA4A1A3B5AD}.Debug|x64.Build.0 = Debug|x64
		{905F1EA8-136D-4AAB-AC5F-5AA4A1A3B5AD}.Debug|x86.ActiveCfg = Debug|Win32
		{905F1EA8-136D-4AAB-AC5F-5AA4A1A3B5AD}.Debug|x86.Build.0 = Debug|Win32
		{905F1EA8-136D-4AAB-AC5F-5AA4A1A3B5AD}.Release|x64.ActiveCfg = Release|x64
		{905F1EA8-136D-4AAB-AC5F-5AA4A1A3B5AD}.Release|x64.Build.0 = Release|x64
		{905F1EA8-136D-4AAB-AC5F-5AA4A1A3B5AD}.Release|x86.ActiveCfg = Release|Win32
		{905F1EA8-136D-4AAB-AC5F-5AA4A1A3B5AD}.Release|x86.Build.0 = Release|Win32
		{7ABF4D1D-05DB-4F68-B0D0-CF9363CC691A}.Debug|x64.ActiveCfg = Debug|x64
		{7ABF4D1D-05DB-4F68-B0D0-CF9363CC691A}.Debug|x64.Build.0 = Debug|x64
		{7ABF4D1D-05DB-4F68-B0D0-CF9363CC691A}.Debug|x86.ActiveCfg = Debug|Win32
		{7ABF4D1D-05DB-4F68-B0D0-CF9363CC691A}.Debug|x86.Build.0 = Debug|Win32
		{7ABF4D1D-05DB-4F68-B0D0-CF9363CC691A}.Release|x64.ActiveCfg = Release|x64
		{7ABF4D1D-05DB-4F68-B0D0-CF9363CC691A}.Release|x64.Build.0 = Release|x64
		{7ABF4D1D-05DB-4F68-B0D0-CF9363CC691A}.Release|x86.ActiveCfg = Release|Win32
		{7ABF4D1D-05DB-4F68-B0D0-CF9363CC691A}.Release|x86.Build.0 = Release|Win32
		{F88D9B93-84F9-4DDA-9B5D-9FFC1E049422}.Debug|x64.ActiveCfg = Debug|x64
		{F88D9B93-84F9-4DDA-9B5D-9FFC1E049422}.Debug|x64.Build.0 = Debug|x64
		{F88D9B93-84F9-4DDA-9B5D-9FFC1E049422}.Debug|x86.ActiveCfg = Debug|Win32
		{F88D9B93-84F9-4DDA-9B5D-9FFC1E049422}.Debug|x86.Build.0 = Debug|Win32
		{F88D9B93-84F9-4DDA-9B5D-9FFC1E049422}.Release|x64.ActiveCfg = Release|x64
		{F88D9B93-84F9-4DDA-9B5D-9FFC1E049422}.Release|x64.Build.0 = Release|x64
		{F88D9B93-84F9-4DDA-9B5D-9FFC1E049422}.Release|x86.ActiveCfg = Release|Win32
		{F88D9B93-84F9-4DDA-9B5D-9FFC1E049422}.Release|x86.Build.0 = Release|Win32
		{DD68281C-27FD-473C-8D1E-98DDFDCEC1FF}.Debug|x64.ActiveCfg = Debug|x64
		{DD68281C-27FD-473C-8D1E-98DDFDCEC1FF}.Debug|x64.Build.0 = Debug|x64
		{DD68281C-27FD-473C-8D1E-98DDFDCEC1FF}.Debug|x86.ActiveCfg = Debug|Win32
		{DD68281C-27FD-473C-8D1E-98DDFDCEC1FF}.Debug|x86.Build.0 = Debug|Win32
		{DD68281C-27FD-473C-8D1E-98DDFDCEC1FF}.Release|x64.ActiveCfg = Release|x64
		{DD68281C-27FD-473C-8D1E-98DDFDCEC1FF}.Release|x64.Build.0 = Release|x64
		{DD68281C-27FD-473C-8D1E-98DDFDCEC1FF}.Release|x86.ActiveCfg = Release|Win32
		{DD68281C-27FD-473C-8D1E-98DDFDCEC1FF}.Release|x86.Build.0 = Release|Win32
		{77D4CCB2-FC66-4904-AFE4-571DF19C88B4}.Debug|x64.ActiveCfg = Debug|x64
		{77D4CCB2-FC66-4904-AFE4-571DF19C88B4}.Debug|x64.Build.0 = Debug|x64
		{77D4CCB2-FC66-4904-AFE4-571DF19C88B4}.Debug|x86.ActiveCfg = Debug|Win32
		{77D4CCB2-FC66-4904-AFE4-571DF19C88B4}.Debug|x86.Build.0 = Debug|Win32
		{77D4CCB2-FC66-4904-AFE4-571DF19C88B4}.Release|x64.ActiveCfg = Release|x64
		{77D4CCB2-FC66-4904-AFE4-571DF19C88B4}.Release|x64.Build.0 = Release|x64
		{77D4CCB2-FC66-4904-AFE4-571DF19C88B4}.Release|x86.ActiveCfg = Release|Win32
		{77D4CCB2-FC66-4904-AFE4-571DF19C88B4}.Release|x86.Build.0 = Release|Win32
		{B879207D-4851-42B3-8018-BB4589AB7B90}.Debug|x64.ActiveCfg = Debug|x64
		{B879207D-4851-42B3-8018-BB4589AB7B90}.Debug|x64.Build.0 = Debug|x64
		{B879207D-4851-42B3-8018-BB4589AB7B90}.Debug|x86.ActiveCfg = Debug|Win32
		{B879207D-4851-42B3-8018-BB4589AB7B90}.Debug|x86.Build.0 = Debug|Win32
		{B879207D-4851-42B3-8018-BB4589AB7B90}.Release|x64.ActiveCfg = Release|x64
		{B879207D-4851-42B3-8018-BB4589AB7B90}.Release|x64.Build.0 = Release|x64
		{B879207D-4851-42B3-8018-BB4589AB7B90}.Release|x86.ActiveCfg = Release|Win32
		{B879207D-4851-42B3-8018-BB4589AB7B90}.Release|x86.Build.0 = Release|Win32
		{10C9C048-43FB-43F7-A3A2-D7554B33751E}.Debug|x64.ActiveCfg = Debug|x64
		{10C9C048-43FB-43F7-A3A2-D7554B33751E}.Debug|x64.Build.0 = Debug|x64
		{10C9C048-43FB-43F7-A3A2-D7554B33751E}.Debug|x86.ActiveCfg = Debug|Win32
		{10C9C048-43FB-43F7-A3A2-D7554B33751E}.Debug|x86.Build.0 = Debug|Win32
		{10C9C048-43FB-43F7-A3A2-D7554B33751E}.Release|x64.ActiveCfg = Release|x64
		{10C9C048-43FB-43F7-A3A2-D7554B33751E}.Release|x64.Build.0 = Release|x64
		{10C9C048-43FB-43F7-A3A2-D7554B33751E}.Release|x86.ActiveCfg = Release|Win32
		{10C9C048-43FB-43F7-A3A2-D7554B33751E}.Release|x86.Build.0 = Release|Win32
	EndGlobalSection
	GlobalSection(SolutionProperties) = preSolution
		HideSolutionNode = FALSE
	EndGlobalSection
EndGlobal
