
Microsoft Visual Studio Solution File, Format Version 12.00
# Visual Studio 14
VisualStudioVersion = 14.0.25420.1
MinimumVisualStudioVersion = 10.0.40219.1
Project("{8BC9CEB8-8B4A-11D0-8D11-00A0C91BC942}") = "MultiQueueProcessor", "MultiQueueProcessor\MultiQueueProcessor.vcxproj", "{BEB2F283-68F6-4AEC-B6D6-D77938616BBC}"
EndProject
Project("{8BC9CEB8-8B4A-11D0-8D11-00A0C91BC942}") = "unit_test", "unit_test\unit_test.vcxproj", "{7AAE2325-B215-4F91-A045-32212D690427}"
EndProject
Global
	GlobalSection(SolutionConfigurationPlatforms) = preSolution
		Debug|x64 = Debug|x64
		Debug|x86 = Debug|x86
		Release|x64 = Release|x64
		Release|x86 = Release|x86
	EndGlobalSection
	GlobalSection(ProjectConfigurationPlatforms) = postSolution
		{BEB2F283-68F6-4AEC-B6D6-D77938616BBC}.Debug|x64.ActiveCfg = Debug|x64
		{BEB2F283-68F6-4AEC-B6D6-D77938616BBC}.Debug|x64.Build.0 = Debug|x64
		{BEB2F283-68F6-4AEC-B6D6-D77938616BBC}.Debug|x86.ActiveCfg = Debug|Win32
		{BEB2F283-68F6-4AEC-B6D6-D77938616BBC}.Debug|x86.Build.0 = Debug|Win32
		{BEB2F283-68F6-4AEC-B6D6-D77938616BBC}.Release|x64.ActiveCfg = Release|x64
		{BEB2F283-68F6-4AEC-B6D6-D77938616BBC}.Release|x64.Build.0 = Release|x64
		{BEB2F283-68F6-4AEC-B6D6-D77938616BBC}.Release|x86.ActiveCfg = Release|Win32
		{BEB2F283-68F6-4AEC-B6D6-D77938616BBC}.Release|x86.Build.0 = Release|Win32
		{7AAE2325-B215-4F91-A045-32212D690427}.Debug|x64.ActiveCfg = Debug|x64
		{7AAE2325-B215-4F91-A045-32212D690427}.Debug|x64.Build.0 = Debug|x64
		{7AAE2325-B215-4F91-A045-32212D690427}.Debug|x86.ActiveCfg = Debug|Win32
		{7AAE2325-B215-4F91-A045-32212D690427}.Debug|x86.Build.0 = Debug|Win32
		{7AAE2325-B215-4F91-A045-32212D690427}.Release|x64.ActiveCfg = Release|x64
		{7AAE2325-B215-4F91-A045-32212D690427}.Release|x64.Build.0 = Release|x64
		{7AAE2325-B215-4F91-A045-32212D690427}.Release|x86.ActiveCfg = Release|Win32
		{7AAE2325-B215-4F91-A045-32212D690427}.Release|x86.Build.0 = Release|Win32
	EndGlobalSection
	GlobalSection(SolutionProperties) = preSolution
		HideSolutionNode = FALSE
	EndGlobalSection
EndGlobal
